// !$*UTF8*$!
{
	archiveVersion = 1;
	classes = {
	};
	objectVersion = 56;
	objects = {

/* Begin PBXBuildFile section */
		9433410029B91CA2002DFBA7 /* SettingsModel.swift in Sources */ = {isa = PBXBuildFile; fileRef = 943340FF29B91CA2002DFBA7 /* SettingsModel.swift */; };
		9433410229B92136002DFBA7 /* SettingsCellViewInterface.swift in Sources */ = {isa = PBXBuildFile; fileRef = 9433410129B92136002DFBA7 /* SettingsCellViewInterface.swift */; };
		9433410429BA019C002DFBA7 /* InstallationUnitData.swift in Sources */ = {isa = PBXBuildFile; fileRef = 9433410329BA019C002DFBA7 /* InstallationUnitData.swift */; };
		944DA46329BC6BF800FFD322 /* IdleTimerInstallationUnit.swift in Sources */ = {isa = PBXBuildFile; fileRef = 944DA46229BC6BF800FFD322 /* IdleTimerInstallationUnit.swift */; };
		944DA46529BC883000FFD322 /* InitRecordingInstallationUnit.swift in Sources */ = {isa = PBXBuildFile; fileRef = 944DA46429BC883000FFD322 /* InitRecordingInstallationUnit.swift */; };
		944DA46729BCABA400FFD322 /* AudioPickerInstallationUnit.swift in Sources */ = {isa = PBXBuildFile; fileRef = 944DA46629BCABA400FFD322 /* AudioPickerInstallationUnit.swift */; };
		9470759329A75DB8000508B3 /* TabBarController.swift in Sources */ = {isa = PBXBuildFile; fileRef = 9470759229A75DB8000508B3 /* TabBarController.swift */; };
		9470759529A75F4F000508B3 /* HomeViewController.swift in Sources */ = {isa = PBXBuildFile; fileRef = 9470759429A75F4F000508B3 /* HomeViewController.swift */; };
		9470759729A75F81000508B3 /* SearchViewController.swift in Sources */ = {isa = PBXBuildFile; fileRef = 9470759629A75F81000508B3 /* SearchViewController.swift */; };
		9470759929A75FDA000508B3 /* RecordViewController.swift in Sources */ = {isa = PBXBuildFile; fileRef = 9470759829A75FDA000508B3 /* RecordViewController.swift */; };
		9470759B29A76142000508B3 /* SettingsViewController.swift in Sources */ = {isa = PBXBuildFile; fileRef = 9470759A29A76142000508B3 /* SettingsViewController.swift */; };
		9470759D29A762BB000508B3 /* HistoryViewController.swift in Sources */ = {isa = PBXBuildFile; fileRef = 9470759C29A762BB000508B3 /* HistoryViewController.swift */; };
		9470759F29A77994000508B3 /* HomeView.swift in Sources */ = {isa = PBXBuildFile; fileRef = 9470759E29A77994000508B3 /* HomeView.swift */; };
		947075A129A77C45000508B3 /* CommonLabelSettings.swift in Sources */ = {isa = PBXBuildFile; fileRef = 947075A029A77C45000508B3 /* CommonLabelSettings.swift */; };
		947075A329A8CA7C000508B3 /* RecordView.swift in Sources */ = {isa = PBXBuildFile; fileRef = 947075A229A8CA7C000508B3 /* RecordView.swift */; };
		947075A529A8E7F8000508B3 /* StorageModel.swift in Sources */ = {isa = PBXBuildFile; fileRef = 947075A429A8E7F8000508B3 /* StorageModel.swift */; };
		947075A729A8EC4A000508B3 /* AppropriateFormats.swift in Sources */ = {isa = PBXBuildFile; fileRef = 947075A629A8EC4A000508B3 /* AppropriateFormats.swift */; };
		947075A929A8F2F7000508B3 /* EachTableCellNib.xib in Resources */ = {isa = PBXBuildFile; fileRef = 947075A829A8F2F7000508B3 /* EachTableCellNib.xib */; };
		947075AC29A8F64E000508B3 /* EachTableCellView.swift in Sources */ = {isa = PBXBuildFile; fileRef = 947075AB29A8F64E000508B3 /* EachTableCellView.swift */; };
		9478069829AB618800CB8A64 /* SettingsLinkTableCellView.swift in Sources */ = {isa = PBXBuildFile; fileRef = 9478069729AB618800CB8A64 /* SettingsLinkTableCellView.swift */; };
		9478069C29AB630800CB8A64 /* SettingsLinkTableCellNib.xib in Resources */ = {isa = PBXBuildFile; fileRef = 9478069B29AB630800CB8A64 /* SettingsLinkTableCellNib.xib */; };
		9478069E29AB631300CB8A64 /* SettingsToggleTableCellNib.xib in Resources */ = {isa = PBXBuildFile; fileRef = 9478069D29AB631300CB8A64 /* SettingsToggleTableCellNib.xib */; };
		947806A029AB633600CB8A64 /* SettingsToggleTableCellView.swift in Sources */ = {isa = PBXBuildFile; fileRef = 9478069F29AB633600CB8A64 /* SettingsToggleTableCellView.swift */; };
		947806A229AB676300CB8A64 /* TODO List.swift in Sources */ = {isa = PBXBuildFile; fileRef = 947806A129AB676300CB8A64 /* TODO List.swift */; };
		94ED28F929A750D000111C8F /* AppDelegate.swift in Sources */ = {isa = PBXBuildFile; fileRef = 94ED28F829A750D000111C8F /* AppDelegate.swift */; };
		94ED28FB29A750D000111C8F /* SceneDelegate.swift in Sources */ = {isa = PBXBuildFile; fileRef = 94ED28FA29A750D000111C8F /* SceneDelegate.swift */; };
		94ED290229A750D000111C8F /* Assets.xcassets in Resources */ = {isa = PBXBuildFile; fileRef = 94ED290129A750D000111C8F /* Assets.xcassets */; };
		94ED290529A750D000111C8F /* LaunchScreen.storyboard in Resources */ = {isa = PBXBuildFile; fileRef = 94ED290329A750D000111C8F /* LaunchScreen.storyboard */; };
		94ED291129A751A900111C8F /* Realm in Frameworks */ = {isa = PBXBuildFile; productRef = 94ED291029A751A900111C8F /* Realm */; };
		94ED291329A751A900111C8F /* RealmSwift in Frameworks */ = {isa = PBXBuildFile; productRef = 94ED291229A751A900111C8F /* RealmSwift */; };
		94F4052029CD7FF500322CB0 /* GoogleService-Info.plist in Resources */ = {isa = PBXBuildFile; fileRef = 94F4051F29CD7FF500322CB0 /* GoogleService-Info.plist */; };
		94F4052329CD81AB00322CB0 /* FirebaseAnalytics in Frameworks */ = {isa = PBXBuildFile; productRef = 94F4052229CD81AB00322CB0 /* FirebaseAnalytics */; };
		94F4052529CD81AB00322CB0 /* FirebaseAnalyticsOnDeviceConversion in Frameworks */ = {isa = PBXBuildFile; productRef = 94F4052429CD81AB00322CB0 /* FirebaseAnalyticsOnDeviceConversion */; };
		94F4052729CD81AB00322CB0 /* FirebaseAnalyticsSwift in Frameworks */ = {isa = PBXBuildFile; productRef = 94F4052629CD81AB00322CB0 /* FirebaseAnalyticsSwift */; };
		94F4052929CD81AB00322CB0 /* FirebaseAnalyticsWithoutAdIdSupport in Frameworks */ = {isa = PBXBuildFile; productRef = 94F4052829CD81AB00322CB0 /* FirebaseAnalyticsWithoutAdIdSupport */; };
		94F4052B29CD81AB00322CB0 /* FirebaseAppCheck in Frameworks */ = {isa = PBXBuildFile; productRef = 94F4052A29CD81AB00322CB0 /* FirebaseAppCheck */; };
		94F4052D29CD81AB00322CB0 /* FirebaseAppDistribution-Beta in Frameworks */ = {isa = PBXBuildFile; productRef = 94F4052C29CD81AB00322CB0 /* FirebaseAppDistribution-Beta */; };
		94F4052F29CD81AB00322CB0 /* FirebaseAuth in Frameworks */ = {isa = PBXBuildFile; productRef = 94F4052E29CD81AB00322CB0 /* FirebaseAuth */; };
		94F4053129CD81AB00322CB0 /* FirebaseAuthCombine-Community in Frameworks */ = {isa = PBXBuildFile; productRef = 94F4053029CD81AB00322CB0 /* FirebaseAuthCombine-Community */; };
		94F4053329CD81AB00322CB0 /* FirebaseCrashlytics in Frameworks */ = {isa = PBXBuildFile; productRef = 94F4053229CD81AB00322CB0 /* FirebaseCrashlytics */; };
		94F4053529CD81AB00322CB0 /* FirebaseDatabase in Frameworks */ = {isa = PBXBuildFile; productRef = 94F4053429CD81AB00322CB0 /* FirebaseDatabase */; };
		94F4053729CD81AB00322CB0 /* FirebaseDatabaseSwift in Frameworks */ = {isa = PBXBuildFile; productRef = 94F4053629CD81AB00322CB0 /* FirebaseDatabaseSwift */; };
		94F4053929CD81AB00322CB0 /* FirebaseDynamicLinks in Frameworks */ = {isa = PBXBuildFile; productRef = 94F4053829CD81AB00322CB0 /* FirebaseDynamicLinks */; };
		94F4053B29CD81AB00322CB0 /* FirebaseFirestore in Frameworks */ = {isa = PBXBuildFile; productRef = 94F4053A29CD81AB00322CB0 /* FirebaseFirestore */; };
		94F4053D29CD81AB00322CB0 /* FirebaseFirestoreCombine-Community in Frameworks */ = {isa = PBXBuildFile; productRef = 94F4053C29CD81AB00322CB0 /* FirebaseFirestoreCombine-Community */; };
		94F4053F29CD81AB00322CB0 /* FirebaseFirestoreSwift in Frameworks */ = {isa = PBXBuildFile; productRef = 94F4053E29CD81AB00322CB0 /* FirebaseFirestoreSwift */; };
		94F4054129CD81AB00322CB0 /* FirebaseFunctions in Frameworks */ = {isa = PBXBuildFile; productRef = 94F4054029CD81AB00322CB0 /* FirebaseFunctions */; };
		94F4054329CD81AB00322CB0 /* FirebaseFunctionsCombine-Community in Frameworks */ = {isa = PBXBuildFile; productRef = 94F4054229CD81AB00322CB0 /* FirebaseFunctionsCombine-Community */; };
		94F4054529CD81AB00322CB0 /* FirebaseInAppMessaging-Beta in Frameworks */ = {isa = PBXBuildFile; productRef = 94F4054429CD81AB00322CB0 /* FirebaseInAppMessaging-Beta */; };
		94F4054729CD81AB00322CB0 /* FirebaseInAppMessagingSwift-Beta in Frameworks */ = {isa = PBXBuildFile; productRef = 94F4054629CD81AB00322CB0 /* FirebaseInAppMessagingSwift-Beta */; };
		94F4054929CD81AB00322CB0 /* FirebaseInstallations in Frameworks */ = {isa = PBXBuildFile; productRef = 94F4054829CD81AB00322CB0 /* FirebaseInstallations */; };
		94F4054B29CD81AB00322CB0 /* FirebaseMLModelDownloader in Frameworks */ = {isa = PBXBuildFile; productRef = 94F4054A29CD81AB00322CB0 /* FirebaseMLModelDownloader */; };
		94F4054D29CD81AB00322CB0 /* FirebaseMessaging in Frameworks */ = {isa = PBXBuildFile; productRef = 94F4054C29CD81AB00322CB0 /* FirebaseMessaging */; };
		94F4054F29CD81AB00322CB0 /* FirebasePerformance in Frameworks */ = {isa = PBXBuildFile; productRef = 94F4054E29CD81AB00322CB0 /* FirebasePerformance */; };
		94F4055129CD81AB00322CB0 /* FirebaseRemoteConfig in Frameworks */ = {isa = PBXBuildFile; productRef = 94F4055029CD81AB00322CB0 /* FirebaseRemoteConfig */; };
		94F4055329CD81AB00322CB0 /* FirebaseRemoteConfigSwift in Frameworks */ = {isa = PBXBuildFile; productRef = 94F4055229CD81AB00322CB0 /* FirebaseRemoteConfigSwift */; };
		94F4055529CD81AB00322CB0 /* FirebaseStorage in Frameworks */ = {isa = PBXBuildFile; productRef = 94F4055429CD81AB00322CB0 /* FirebaseStorage */; };
		94F4055729CD81AB00322CB0 /* FirebaseStorageCombine-Community in Frameworks */ = {isa = PBXBuildFile; productRef = 94F4055629CD81AB00322CB0 /* FirebaseStorageCombine-Community */; };
		94F8975329A93D9A00855A67 /* RecEngineModel.swift in Sources */ = {isa = PBXBuildFile; fileRef = 94F8975229A93D9A00855A67 /* RecEngineModel.swift */; };
/* End PBXBuildFile section */

/* Begin PBXFileReference section */
		943340FF29B91CA2002DFBA7 /* SettingsModel.swift */ = {isa = PBXFileReference; lastKnownFileType = sourcecode.swift; path = SettingsModel.swift; sourceTree = "<group>"; };
		9433410129B92136002DFBA7 /* SettingsCellViewInterface.swift */ = {isa = PBXFileReference; lastKnownFileType = sourcecode.swift; path = SettingsCellViewInterface.swift; sourceTree = "<group>"; };
		9433410329BA019C002DFBA7 /* InstallationUnitData.swift */ = {isa = PBXFileReference; lastKnownFileType = sourcecode.swift; path = InstallationUnitData.swift; sourceTree = "<group>"; };
		944DA46229BC6BF800FFD322 /* IdleTimerInstallationUnit.swift */ = {isa = PBXFileReference; lastKnownFileType = sourcecode.swift; path = IdleTimerInstallationUnit.swift; sourceTree = "<group>"; };
		944DA46429BC883000FFD322 /* InitRecordingInstallationUnit.swift */ = {isa = PBXFileReference; lastKnownFileType = sourcecode.swift; path = InitRecordingInstallationUnit.swift; sourceTree = "<group>"; };
		944DA46629BCABA400FFD322 /* AudioPickerInstallationUnit.swift */ = {isa = PBXFileReference; lastKnownFileType = sourcecode.swift; path = AudioPickerInstallationUnit.swift; sourceTree = "<group>"; };
		9470759229A75DB8000508B3 /* TabBarController.swift */ = {isa = PBXFileReference; lastKnownFileType = sourcecode.swift; path = TabBarController.swift; sourceTree = "<group>"; };
		9470759429A75F4F000508B3 /* HomeViewController.swift */ = {isa = PBXFileReference; lastKnownFileType = sourcecode.swift; path = HomeViewController.swift; sourceTree = "<group>"; };
		9470759629A75F81000508B3 /* SearchViewController.swift */ = {isa = PBXFileReference; lastKnownFileType = sourcecode.swift; path = SearchViewController.swift; sourceTree = "<group>"; };
		9470759829A75FDA000508B3 /* RecordViewController.swift */ = {isa = PBXFileReference; lastKnownFileType = sourcecode.swift; path = RecordViewController.swift; sourceTree = "<group>"; };
		9470759A29A76142000508B3 /* SettingsViewController.swift */ = {isa = PBXFileReference; lastKnownFileType = sourcecode.swift; path = SettingsViewController.swift; sourceTree = "<group>"; };
		9470759C29A762BB000508B3 /* HistoryViewController.swift */ = {isa = PBXFileReference; lastKnownFileType = sourcecode.swift; path = HistoryViewController.swift; sourceTree = "<group>"; };
		9470759E29A77994000508B3 /* HomeView.swift */ = {isa = PBXFileReference; lastKnownFileType = sourcecode.swift; path = HomeView.swift; sourceTree = "<group>"; };
		947075A029A77C45000508B3 /* CommonLabelSettings.swift */ = {isa = PBXFileReference; lastKnownFileType = sourcecode.swift; path = CommonLabelSettings.swift; sourceTree = "<group>"; };
		947075A229A8CA7C000508B3 /* RecordView.swift */ = {isa = PBXFileReference; lastKnownFileType = sourcecode.swift; path = RecordView.swift; sourceTree = "<group>"; };
		947075A429A8E7F8000508B3 /* StorageModel.swift */ = {isa = PBXFileReference; lastKnownFileType = sourcecode.swift; path = StorageModel.swift; sourceTree = "<group>"; };
		947075A629A8EC4A000508B3 /* AppropriateFormats.swift */ = {isa = PBXFileReference; lastKnownFileType = sourcecode.swift; path = AppropriateFormats.swift; sourceTree = "<group>"; };
		947075A829A8F2F7000508B3 /* EachTableCellNib.xib */ = {isa = PBXFileReference; lastKnownFileType = file.xib; path = EachTableCellNib.xib; sourceTree = "<group>"; };
		947075AB29A8F64E000508B3 /* EachTableCellView.swift */ = {isa = PBXFileReference; lastKnownFileType = sourcecode.swift; path = EachTableCellView.swift; sourceTree = "<group>"; };
		9478069729AB618800CB8A64 /* SettingsLinkTableCellView.swift */ = {isa = PBXFileReference; lastKnownFileType = sourcecode.swift; path = SettingsLinkTableCellView.swift; sourceTree = "<group>"; };
		9478069B29AB630800CB8A64 /* SettingsLinkTableCellNib.xib */ = {isa = PBXFileReference; lastKnownFileType = file.xib; path = SettingsLinkTableCellNib.xib; sourceTree = "<group>"; };
		9478069D29AB631300CB8A64 /* SettingsToggleTableCellNib.xib */ = {isa = PBXFileReference; lastKnownFileType = file.xib; path = SettingsToggleTableCellNib.xib; sourceTree = "<group>"; };
		9478069F29AB633600CB8A64 /* SettingsToggleTableCellView.swift */ = {isa = PBXFileReference; lastKnownFileType = sourcecode.swift; path = SettingsToggleTableCellView.swift; sourceTree = "<group>"; };
		947806A129AB676300CB8A64 /* TODO List.swift */ = {isa = PBXFileReference; lastKnownFileType = sourcecode.swift; path = "TODO List.swift"; sourceTree = "<group>"; };
		94ED28F529A750D000111C8F /* VoiceRecorder.app */ = {isa = PBXFileReference; explicitFileType = wrapper.application; includeInIndex = 0; path = VoiceRecorder.app; sourceTree = BUILT_PRODUCTS_DIR; };
		94ED28F829A750D000111C8F /* AppDelegate.swift */ = {isa = PBXFileReference; lastKnownFileType = sourcecode.swift; path = AppDelegate.swift; sourceTree = "<group>"; };
		94ED28FA29A750D000111C8F /* SceneDelegate.swift */ = {isa = PBXFileReference; lastKnownFileType = sourcecode.swift; path = SceneDelegate.swift; sourceTree = "<group>"; };
		94ED290129A750D000111C8F /* Assets.xcassets */ = {isa = PBXFileReference; lastKnownFileType = folder.assetcatalog; path = Assets.xcassets; sourceTree = "<group>"; };
		94ED290429A750D000111C8F /* Base */ = {isa = PBXFileReference; lastKnownFileType = file.storyboard; name = Base; path = Base.lproj/LaunchScreen.storyboard; sourceTree = "<group>"; };
		94ED290629A750D000111C8F /* Info.plist */ = {isa = PBXFileReference; lastKnownFileType = text.plist.xml; path = Info.plist; sourceTree = "<group>"; };
		94F4051F29CD7FF500322CB0 /* GoogleService-Info.plist */ = {isa = PBXFileReference; fileEncoding = 4; lastKnownFileType = text.plist.xml; name = "GoogleService-Info.plist"; path = "../../../Downloads/GoogleService-Info.plist"; sourceTree = "<group>"; };
		94F8975229A93D9A00855A67 /* RecEngineModel.swift */ = {isa = PBXFileReference; lastKnownFileType = sourcecode.swift; path = RecEngineModel.swift; sourceTree = "<group>"; };
/* End PBXFileReference section */

/* Begin PBXFrameworksBuildPhase section */
		94ED28F229A750CF00111C8F /* Frameworks */ = {
			isa = PBXFrameworksBuildPhase;
			buildActionMask = 2147483647;
			files = (
				94F4054D29CD81AB00322CB0 /* FirebaseMessaging in Frameworks */,
				94ED291329A751A900111C8F /* RealmSwift in Frameworks */,
				94F4053F29CD81AB00322CB0 /* FirebaseFirestoreSwift in Frameworks */,
				94F4052929CD81AB00322CB0 /* FirebaseAnalyticsWithoutAdIdSupport in Frameworks */,
				94F4054129CD81AB00322CB0 /* FirebaseFunctions in Frameworks */,
				94ED291129A751A900111C8F /* Realm in Frameworks */,
				94F4052329CD81AB00322CB0 /* FirebaseAnalytics in Frameworks */,
				94F4052F29CD81AB00322CB0 /* FirebaseAuth in Frameworks */,
				94F4053929CD81AB00322CB0 /* FirebaseDynamicLinks in Frameworks */,
				94F4053329CD81AB00322CB0 /* FirebaseCrashlytics in Frameworks */,
				94F4054B29CD81AB00322CB0 /* FirebaseMLModelDownloader in Frameworks */,
				94F4053729CD81AB00322CB0 /* FirebaseDatabaseSwift in Frameworks */,
				94F4053B29CD81AB00322CB0 /* FirebaseFirestore in Frameworks */,
				94F4054929CD81AB00322CB0 /* FirebaseInstallations in Frameworks */,
				94F4054329CD81AB00322CB0 /* FirebaseFunctionsCombine-Community in Frameworks */,
				94F4053D29CD81AB00322CB0 /* FirebaseFirestoreCombine-Community in Frameworks */,
				94F4053529CD81AB00322CB0 /* FirebaseDatabase in Frameworks */,
				94F4054F29CD81AB00322CB0 /* FirebasePerformance in Frameworks */,
				94F4052B29CD81AB00322CB0 /* FirebaseAppCheck in Frameworks */,
				94F4052529CD81AB00322CB0 /* FirebaseAnalyticsOnDeviceConversion in Frameworks */,
				94F4054729CD81AB00322CB0 /* FirebaseInAppMessagingSwift-Beta in Frameworks */,
				94F4055329CD81AB00322CB0 /* FirebaseRemoteConfigSwift in Frameworks */,
				94F4052729CD81AB00322CB0 /* FirebaseAnalyticsSwift in Frameworks */,
				94F4052D29CD81AB00322CB0 /* FirebaseAppDistribution-Beta in Frameworks */,
				94F4055129CD81AB00322CB0 /* FirebaseRemoteConfig in Frameworks */,
				94F4055529CD81AB00322CB0 /* FirebaseStorage in Frameworks */,
				94F4053129CD81AB00322CB0 /* FirebaseAuthCombine-Community in Frameworks */,
				94F4055729CD81AB00322CB0 /* FirebaseStorageCombine-Community in Frameworks */,
				94F4054529CD81AB00322CB0 /* FirebaseInAppMessaging-Beta in Frameworks */,
			);
			runOnlyForDeploymentPostprocessing = 0;
		};
/* End PBXFrameworksBuildPhase section */

/* Begin PBXGroup section */
		944DA46129BC6BE300FFD322 /* InstallationUnit */ = {
			isa = PBXGroup;
			children = (
				9433410329BA019C002DFBA7 /* InstallationUnitData.swift */,
				944DA46229BC6BF800FFD322 /* IdleTimerInstallationUnit.swift */,
				944DA46429BC883000FFD322 /* InitRecordingInstallationUnit.swift */,
				944DA46629BCABA400FFD322 /* AudioPickerInstallationUnit.swift */,
			);
			path = InstallationUnit;
			sourceTree = "<group>";
		};
		947075AA29A8F61F000508B3 /* EachTableCell */ = {
			isa = PBXGroup;
			children = (
				947075A829A8F2F7000508B3 /* EachTableCellNib.xib */,
				947075AB29A8F64E000508B3 /* EachTableCellView.swift */,
			);
			path = EachTableCell;
			sourceTree = "<group>";
		};
		9478069629AB616B00CB8A64 /* SettingsTableCells */ = {
			isa = PBXGroup;
			children = (
				9478069A29AB62E900CB8A64 /* Nibs */,
				9433410129B92136002DFBA7 /* SettingsCellViewInterface.swift */,
				9478069729AB618800CB8A64 /* SettingsLinkTableCellView.swift */,
				9478069F29AB633600CB8A64 /* SettingsToggleTableCellView.swift */,
			);
			path = SettingsTableCells;
			sourceTree = "<group>";
		};
		9478069A29AB62E900CB8A64 /* Nibs */ = {
			isa = PBXGroup;
			children = (
				9478069B29AB630800CB8A64 /* SettingsLinkTableCellNib.xib */,
				9478069D29AB631300CB8A64 /* SettingsToggleTableCellNib.xib */,
			);
			path = Nibs;
			sourceTree = "<group>";
		};
		94ED28EC29A750CF00111C8F = {
			isa = PBXGroup;
			children = (
				94ED28F729A750D000111C8F /* VoiceRecorder */,
				94ED28F629A750D000111C8F /* Products */,
			);
			sourceTree = "<group>";
		};
		94ED28F629A750D000111C8F /* Products */ = {
			isa = PBXGroup;
			children = (
				94ED28F529A750D000111C8F /* VoiceRecorder.app */,
			);
			name = Products;
			sourceTree = "<group>";
		};
		94ED28F729A750D000111C8F /* VoiceRecorder */ = {
			isa = PBXGroup;
			children = (
				94ED290E29A7510600111C8F /* View */,
				94ED290D29A750FF00111C8F /* ViewModel */,
				94ED290C29A750E600111C8F /* Model */,
				94ED28F829A750D000111C8F /* AppDelegate.swift */,
				94ED28FA29A750D000111C8F /* SceneDelegate.swift */,
				94ED290329A750D000111C8F /* LaunchScreen.storyboard */,
				94ED290129A750D000111C8F /* Assets.xcassets */,
				94ED290629A750D000111C8F /* Info.plist */,
				94F4051F29CD7FF500322CB0 /* GoogleService-Info.plist */,
				947806A129AB676300CB8A64 /* TODO List.swift */,
			);
			path = VoiceRecorder;
			sourceTree = "<group>";
		};
		94ED290C29A750E600111C8F /* Model */ = {
			isa = PBXGroup;
			children = (
				944DA46129BC6BE300FFD322 /* InstallationUnit */,
				947075A429A8E7F8000508B3 /* StorageModel.swift */,
				947075A629A8EC4A000508B3 /* AppropriateFormats.swift */,
				94F8975229A93D9A00855A67 /* RecEngineModel.swift */,
				943340FF29B91CA2002DFBA7 /* SettingsModel.swift */,
			);
			path = Model;
			sourceTree = "<group>";
		};
		94ED290D29A750FF00111C8F /* ViewModel */ = {
			isa = PBXGroup;
			children = (
				9470759229A75DB8000508B3 /* TabBarController.swift */,
				9470759429A75F4F000508B3 /* HomeViewController.swift */,
				9470759629A75F81000508B3 /* SearchViewController.swift */,
				9470759829A75FDA000508B3 /* RecordViewController.swift */,
				9470759C29A762BB000508B3 /* HistoryViewController.swift */,
				9470759A29A76142000508B3 /* SettingsViewController.swift */,
			);
			path = ViewModel;
			sourceTree = "<group>";
		};
		94ED290E29A7510600111C8F /* View */ = {
			isa = PBXGroup;
			children = (
				9478069629AB616B00CB8A64 /* SettingsTableCells */,
				947075AA29A8F61F000508B3 /* EachTableCell */,
				9470759E29A77994000508B3 /* HomeView.swift */,
				947075A029A77C45000508B3 /* CommonLabelSettings.swift */,
				947075A229A8CA7C000508B3 /* RecordView.swift */,
			);
			path = View;
			sourceTree = "<group>";
		};
/* End PBXGroup section */

/* Begin PBXNativeTarget section */
		94ED28F429A750CF00111C8F /* VoiceRecorder */ = {
			isa = PBXNativeTarget;
			buildConfigurationList = 94ED290929A750D000111C8F /* Build configuration list for PBXNativeTarget "VoiceRecorder" */;
			buildPhases = (
				94ED28F129A750CF00111C8F /* Sources */,
				94ED28F229A750CF00111C8F /* Frameworks */,
				94ED28F329A750CF00111C8F /* Resources */,
			);
			buildRules = (
			);
			dependencies = (
			);
			name = VoiceRecorder;
			packageProductDependencies = (
				94ED291029A751A900111C8F /* Realm */,
				94ED291229A751A900111C8F /* RealmSwift */,
				94F4052229CD81AB00322CB0 /* FirebaseAnalytics */,
				94F4052429CD81AB00322CB0 /* FirebaseAnalyticsOnDeviceConversion */,
				94F4052629CD81AB00322CB0 /* FirebaseAnalyticsSwift */,
				94F4052829CD81AB00322CB0 /* FirebaseAnalyticsWithoutAdIdSupport */,
				94F4052A29CD81AB00322CB0 /* FirebaseAppCheck */,
				94F4052C29CD81AB00322CB0 /* FirebaseAppDistribution-Beta */,
				94F4052E29CD81AB00322CB0 /* FirebaseAuth */,
				94F4053029CD81AB00322CB0 /* FirebaseAuthCombine-Community */,
				94F4053229CD81AB00322CB0 /* FirebaseCrashlytics */,
				94F4053429CD81AB00322CB0 /* FirebaseDatabase */,
				94F4053629CD81AB00322CB0 /* FirebaseDatabaseSwift */,
				94F4053829CD81AB00322CB0 /* FirebaseDynamicLinks */,
				94F4053A29CD81AB00322CB0 /* FirebaseFirestore */,
				94F4053C29CD81AB00322CB0 /* FirebaseFirestoreCombine-Community */,
				94F4053E29CD81AB00322CB0 /* FirebaseFirestoreSwift */,
				94F4054029CD81AB00322CB0 /* FirebaseFunctions */,
				94F4054229CD81AB00322CB0 /* FirebaseFunctionsCombine-Community */,
				94F4054429CD81AB00322CB0 /* FirebaseInAppMessaging-Beta */,
				94F4054629CD81AB00322CB0 /* FirebaseInAppMessagingSwift-Beta */,
				94F4054829CD81AB00322CB0 /* FirebaseInstallations */,
				94F4054A29CD81AB00322CB0 /* FirebaseMLModelDownloader */,
				94F4054C29CD81AB00322CB0 /* FirebaseMessaging */,
				94F4054E29CD81AB00322CB0 /* FirebasePerformance */,
				94F4055029CD81AB00322CB0 /* FirebaseRemoteConfig */,
				94F4055229CD81AB00322CB0 /* FirebaseRemoteConfigSwift */,
				94F4055429CD81AB00322CB0 /* FirebaseStorage */,
				94F4055629CD81AB00322CB0 /* FirebaseStorageCombine-Community */,
			);
			productName = VoiceRecorder;
			productReference = 94ED28F529A750D000111C8F /* VoiceRecorder.app */;
			productType = "com.apple.product-type.application";
		};
/* End PBXNativeTarget section */

/* Begin PBXProject section */
		94ED28ED29A750CF00111C8F /* Project object */ = {
			isa = PBXProject;
			attributes = {
				BuildIndependentTargetsInParallel = 1;
				LastSwiftUpdateCheck = 1420;
				LastUpgradeCheck = 1420;
				TargetAttributes = {
					94ED28F429A750CF00111C8F = {
						CreatedOnToolsVersion = 14.2;
					};
				};
			};
			buildConfigurationList = 94ED28F029A750CF00111C8F /* Build configuration list for PBXProject "VoiceRecorder" */;
			compatibilityVersion = "Xcode 14.0";
			developmentRegion = en;
			hasScannedForEncodings = 0;
			knownRegions = (
				en,
				Base,
			);
			mainGroup = 94ED28EC29A750CF00111C8F;
			packageReferences = (
				94ED290F29A751A900111C8F /* XCRemoteSwiftPackageReference "realm-swift" */,
				94F4052129CD81AB00322CB0 /* XCRemoteSwiftPackageReference "firebase-ios-sdk" */,
			);
			productRefGroup = 94ED28F629A750D000111C8F /* Products */;
			projectDirPath = "";
			projectRoot = "";
			targets = (
				94ED28F429A750CF00111C8F /* VoiceRecorder */,
			);
		};
/* End PBXProject section */

/* Begin PBXResourcesBuildPhase section */
		94ED28F329A750CF00111C8F /* Resources */ = {
			isa = PBXResourcesBuildPhase;
			buildActionMask = 2147483647;
			files = (
				9478069E29AB631300CB8A64 /* SettingsToggleTableCellNib.xib in Resources */,
				94ED290529A750D000111C8F /* LaunchScreen.storyboard in Resources */,
				9478069C29AB630800CB8A64 /* SettingsLinkTableCellNib.xib in Resources */,
				94ED290229A750D000111C8F /* Assets.xcassets in Resources */,
				947075A929A8F2F7000508B3 /* EachTableCellNib.xib in Resources */,
				94F4052029CD7FF500322CB0 /* GoogleService-Info.plist in Resources */,
			);
			runOnlyForDeploymentPostprocessing = 0;
		};
/* End PBXResourcesBuildPhase section */

/* Begin PBXSourcesBuildPhase section */
		94ED28F129A750CF00111C8F /* Sources */ = {
			isa = PBXSourcesBuildPhase;
			buildActionMask = 2147483647;
			files = (
				9470759F29A77994000508B3 /* HomeView.swift in Sources */,
				9433410029B91CA2002DFBA7 /* SettingsModel.swift in Sources */,
				9470759729A75F81000508B3 /* SearchViewController.swift in Sources */,
				9470759329A75DB8000508B3 /* TabBarController.swift in Sources */,
				947075A529A8E7F8000508B3 /* StorageModel.swift in Sources */,
				947075A329A8CA7C000508B3 /* RecordView.swift in Sources */,
				947075A729A8EC4A000508B3 /* AppropriateFormats.swift in Sources */,
				9478069829AB618800CB8A64 /* SettingsLinkTableCellView.swift in Sources */,
				9470759B29A76142000508B3 /* SettingsViewController.swift in Sources */,
				944DA46729BCABA400FFD322 /* AudioPickerInstallationUnit.swift in Sources */,
				94ED28F929A750D000111C8F /* AppDelegate.swift in Sources */,
				947075AC29A8F64E000508B3 /* EachTableCellView.swift in Sources */,
				94F8975329A93D9A00855A67 /* RecEngineModel.swift in Sources */,
				9470759929A75FDA000508B3 /* RecordViewController.swift in Sources */,
				94ED28FB29A750D000111C8F /* SceneDelegate.swift in Sources */,
				9433410429BA019C002DFBA7 /* InstallationUnitData.swift in Sources */,
				944DA46529BC883000FFD322 /* InitRecordingInstallationUnit.swift in Sources */,
				9470759529A75F4F000508B3 /* HomeViewController.swift in Sources */,
				9433410229B92136002DFBA7 /* SettingsCellViewInterface.swift in Sources */,
				947075A129A77C45000508B3 /* CommonLabelSettings.swift in Sources */,
				9470759D29A762BB000508B3 /* HistoryViewController.swift in Sources */,
				944DA46329BC6BF800FFD322 /* IdleTimerInstallationUnit.swift in Sources */,
				947806A229AB676300CB8A64 /* TODO List.swift in Sources */,
				947806A029AB633600CB8A64 /* SettingsToggleTableCellView.swift in Sources */,
			);
			runOnlyForDeploymentPostprocessing = 0;
		};
/* End PBXSourcesBuildPhase section */

/* Begin PBXVariantGroup section */
		94ED290329A750D000111C8F /* LaunchScreen.storyboard */ = {
			isa = PBXVariantGroup;
			children = (
				94ED290429A750D000111C8F /* Base */,
			);
			name = LaunchScreen.storyboard;
			sourceTree = "<group>";
		};
/* End PBXVariantGroup section */

/* Begin XCBuildConfiguration section */
		94ED290729A750D000111C8F /* Debug */ = {
			isa = XCBuildConfiguration;
			buildSettings = {
				ALWAYS_SEARCH_USER_PATHS = NO;
				CLANG_ANALYZER_NONNULL = YES;
				CLANG_ANALYZER_NUMBER_OBJECT_CONVERSION = YES_AGGRESSIVE;
				CLANG_CXX_LANGUAGE_STANDARD = "gnu++20";
				CLANG_ENABLE_MODULES = YES;
				CLANG_ENABLE_OBJC_ARC = YES;
				CLANG_ENABLE_OBJC_WEAK = YES;
				CLANG_WARN_BLOCK_CAPTURE_AUTORELEASING = YES;
				CLANG_WARN_BOOL_CONVERSION = YES;
				CLANG_WARN_COMMA = YES;
				CLANG_WARN_CONSTANT_CONVERSION = YES;
				CLANG_WARN_DEPRECATED_OBJC_IMPLEMENTATIONS = YES;
				CLANG_WARN_DIRECT_OBJC_ISA_USAGE = YES_ERROR;
				CLANG_WARN_DOCUMENTATION_COMMENTS = YES;
				CLANG_WARN_EMPTY_BODY = YES;
				CLANG_WARN_ENUM_CONVERSION = YES;
				CLANG_WARN_INFINITE_RECURSION = YES;
				CLANG_WARN_INT_CONVERSION = YES;
				CLANG_WARN_NON_LITERAL_NULL_CONVERSION = YES;
				CLANG_WARN_OBJC_IMPLICIT_RETAIN_SELF = YES;
				CLANG_WARN_OBJC_LITERAL_CONVERSION = YES;
				CLANG_WARN_OBJC_ROOT_CLASS = YES_ERROR;
				CLANG_WARN_QUOTED_INCLUDE_IN_FRAMEWORK_HEADER = YES;
				CLANG_WARN_RANGE_LOOP_ANALYSIS = YES;
				CLANG_WARN_STRICT_PROTOTYPES = YES;
				CLANG_WARN_SUSPICIOUS_MOVE = YES;
				CLANG_WARN_UNGUARDED_AVAILABILITY = YES_AGGRESSIVE;
				CLANG_WARN_UNREACHABLE_CODE = YES;
				CLANG_WARN__DUPLICATE_METHOD_MATCH = YES;
				COPY_PHASE_STRIP = NO;
				DEBUG_INFORMATION_FORMAT = dwarf;
				ENABLE_STRICT_OBJC_MSGSEND = YES;
				ENABLE_TESTABILITY = YES;
				GCC_C_LANGUAGE_STANDARD = gnu11;
				GCC_DYNAMIC_NO_PIC = NO;
				GCC_NO_COMMON_BLOCKS = YES;
				GCC_OPTIMIZATION_LEVEL = 0;
				GCC_PREPROCESSOR_DEFINITIONS = (
					"DEBUG=1",
					"$(inherited)",
				);
				GCC_WARN_64_TO_32_BIT_CONVERSION = YES;
				GCC_WARN_ABOUT_RETURN_TYPE = YES_ERROR;
				GCC_WARN_UNDECLARED_SELECTOR = YES;
				GCC_WARN_UNINITIALIZED_AUTOS = YES_AGGRESSIVE;
				GCC_WARN_UNUSED_FUNCTION = YES;
				GCC_WARN_UNUSED_VARIABLE = YES;
				IPHONEOS_DEPLOYMENT_TARGET = 16.2;
				MTL_ENABLE_DEBUG_INFO = INCLUDE_SOURCE;
				MTL_FAST_MATH = YES;
				ONLY_ACTIVE_ARCH = YES;
				SDKROOT = iphoneos;
				SWIFT_ACTIVE_COMPILATION_CONDITIONS = DEBUG;
				SWIFT_OPTIMIZATION_LEVEL = "-Onone";
			};
			name = Debug;
		};
		94ED290829A750D000111C8F /* Release */ = {
			isa = XCBuildConfiguration;
			buildSettings = {
				ALWAYS_SEARCH_USER_PATHS = NO;
				CLANG_ANALYZER_NONNULL = YES;
				CLANG_ANALYZER_NUMBER_OBJECT_CONVERSION = YES_AGGRESSIVE;
				CLANG_CXX_LANGUAGE_STANDARD = "gnu++20";
				CLANG_ENABLE_MODULES = YES;
				CLANG_ENABLE_OBJC_ARC = YES;
				CLANG_ENABLE_OBJC_WEAK = YES;
				CLANG_WARN_BLOCK_CAPTURE_AUTORELEASING = YES;
				CLANG_WARN_BOOL_CONVERSION = YES;
				CLANG_WARN_COMMA = YES;
				CLANG_WARN_CONSTANT_CONVERSION = YES;
				CLANG_WARN_DEPRECATED_OBJC_IMPLEMENTATIONS = YES;
				CLANG_WARN_DIRECT_OBJC_ISA_USAGE = YES_ERROR;
				CLANG_WARN_DOCUMENTATION_COMMENTS = YES;
				CLANG_WARN_EMPTY_BODY = YES;
				CLANG_WARN_ENUM_CONVERSION = YES;
				CLANG_WARN_INFINITE_RECURSION = YES;
				CLANG_WARN_INT_CONVERSION = YES;
				CLANG_WARN_NON_LITERAL_NULL_CONVERSION = YES;
				CLANG_WARN_OBJC_IMPLICIT_RETAIN_SELF = YES;
				CLANG_WARN_OBJC_LITERAL_CONVERSION = YES;
				CLANG_WARN_OBJC_ROOT_CLASS = YES_ERROR;
				CLANG_WARN_QUOTED_INCLUDE_IN_FRAMEWORK_HEADER = YES;
				CLANG_WARN_RANGE_LOOP_ANALYSIS = YES;
				CLANG_WARN_STRICT_PROTOTYPES = YES;
				CLANG_WARN_SUSPICIOUS_MOVE = YES;
				CLANG_WARN_UNGUARDED_AVAILABILITY = YES_AGGRESSIVE;
				CLANG_WARN_UNREACHABLE_CODE = YES;
				CLANG_WARN__DUPLICATE_METHOD_MATCH = YES;
				COPY_PHASE_STRIP = NO;
				DEBUG_INFORMATION_FORMAT = "dwarf-with-dsym";
				ENABLE_NS_ASSERTIONS = NO;
				ENABLE_STRICT_OBJC_MSGSEND = YES;
				GCC_C_LANGUAGE_STANDARD = gnu11;
				GCC_NO_COMMON_BLOCKS = YES;
				GCC_WARN_64_TO_32_BIT_CONVERSION = YES;
				GCC_WARN_ABOUT_RETURN_TYPE = YES_ERROR;
				GCC_WARN_UNDECLARED_SELECTOR = YES;
				GCC_WARN_UNINITIALIZED_AUTOS = YES_AGGRESSIVE;
				GCC_WARN_UNUSED_FUNCTION = YES;
				GCC_WARN_UNUSED_VARIABLE = YES;
				IPHONEOS_DEPLOYMENT_TARGET = 16.2;
				MTL_ENABLE_DEBUG_INFO = NO;
				MTL_FAST_MATH = YES;
				SDKROOT = iphoneos;
				SWIFT_COMPILATION_MODE = wholemodule;
				SWIFT_OPTIMIZATION_LEVEL = "-O";
				VALIDATE_PRODUCT = YES;
			};
			name = Release;
		};
		94ED290A29A750D000111C8F /* Debug */ = {
			isa = XCBuildConfiguration;
			buildSettings = {
				ASSETCATALOG_COMPILER_APPICON_NAME = AppIcon;
				ASSETCATALOG_COMPILER_GLOBAL_ACCENT_COLOR_NAME = AccentColor;
				CODE_SIGN_IDENTITY = "Apple Development";
				CODE_SIGN_STYLE = Automatic;
				CURRENT_PROJECT_VERSION = 1;
				DEVELOPMENT_TEAM = "";
				GENERATE_INFOPLIST_FILE = YES;
				INFOPLIST_FILE = VoiceRecorder/Info.plist;
				INFOPLIST_KEY_LSApplicationCategoryType = "public.app-category.utilities";
				INFOPLIST_KEY_UIApplicationSupportsIndirectInputEvents = YES;
				INFOPLIST_KEY_UILaunchStoryboardName = LaunchScreen;
				INFOPLIST_KEY_UISupportedInterfaceOrientations = UIInterfaceOrientationPortrait;
				INFOPLIST_KEY_UISupportedInterfaceOrientations_iPad = "UIInterfaceOrientationLandscapeLeft UIInterfaceOrientationLandscapeRight UIInterfaceOrientationPortrait UIInterfaceOrientationPortraitUpsideDown";
				IPHONEOS_DEPLOYMENT_TARGET = 16.0;
				LD_RUNPATH_SEARCH_PATHS = (
					"$(inherited)",
					"@executable_path/Frameworks",
				);
				MARKETING_VERSION = 1.0;
				PRODUCT_BUNDLE_IDENTIFIER = VadimPopov.VoiceRecorder;
				PRODUCT_NAME = "$(TARGET_NAME)";
				PROVISIONING_PROFILE_SPECIFIER = "";
				SWIFT_EMIT_LOC_STRINGS = YES;
				SWIFT_VERSION = 5.0;
				TARGETED_DEVICE_FAMILY = "1,2";
			};
			name = Debug;
		};
		94ED290B29A750D000111C8F /* Release */ = {
			isa = XCBuildConfiguration;
			buildSettings = {
				ASSETCATALOG_COMPILER_APPICON_NAME = AppIcon;
				ASSETCATALOG_COMPILER_GLOBAL_ACCENT_COLOR_NAME = AccentColor;
				CODE_SIGN_IDENTITY = "Apple Development";
				CODE_SIGN_STYLE = Automatic;
				CURRENT_PROJECT_VERSION = 1;
				DEVELOPMENT_TEAM = "";
				GENERATE_INFOPLIST_FILE = YES;
				INFOPLIST_FILE = VoiceRecorder/Info.plist;
				INFOPLIST_KEY_LSApplicationCategoryType = "public.app-category.utilities";
				INFOPLIST_KEY_UIApplicationSupportsIndirectInputEvents = YES;
				INFOPLIST_KEY_UILaunchStoryboardName = LaunchScreen;
				INFOPLIST_KEY_UISupportedInterfaceOrientations = UIInterfaceOrientationPortrait;
				INFOPLIST_KEY_UISupportedInterfaceOrientations_iPad = "UIInterfaceOrientationLandscapeLeft UIInterfaceOrientationLandscapeRight UIInterfaceOrientationPortrait UIInterfaceOrientationPortraitUpsideDown";
				IPHONEOS_DEPLOYMENT_TARGET = 16.0;
				LD_RUNPATH_SEARCH_PATHS = (
					"$(inherited)",
					"@executable_path/Frameworks",
				);
				MARKETING_VERSION = 1.0;
				PRODUCT_BUNDLE_IDENTIFIER = VadimPopov.VoiceRecorder;
				PRODUCT_NAME = "$(TARGET_NAME)";
				PROVISIONING_PROFILE_SPECIFIER = "";
				SWIFT_EMIT_LOC_STRINGS = YES;
				SWIFT_VERSION = 5.0;
				TARGETED_DEVICE_FAMILY = "1,2";
			};
			name = Release;
		};
/* End XCBuildConfiguration section */

/* Begin XCConfigurationList section */
		94ED28F029A750CF00111C8F /* Build configuration list for PBXProject "VoiceRecorder" */ = {
			isa = XCConfigurationList;
			buildConfigurations = (
				94ED290729A750D000111C8F /* Debug */,
				94ED290829A750D000111C8F /* Release */,
			);
			defaultConfigurationIsVisible = 0;
			defaultConfigurationName = Release;
		};
		94ED290929A750D000111C8F /* Build configuration list for PBXNativeTarget "VoiceRecorder" */ = {
			isa = XCConfigurationList;
			buildConfigurations = (
				94ED290A29A750D000111C8F /* Debug */,
				94ED290B29A750D000111C8F /* Release */,
			);
			defaultConfigurationIsVisible = 0;
			defaultConfigurationName = Release;
		};
/* End XCConfigurationList section */

/* Begin XCRemoteSwiftPackageReference section */
		94ED290F29A751A900111C8F /* XCRemoteSwiftPackageReference "realm-swift" */ = {
			isa = XCRemoteSwiftPackageReference;
			repositoryURL = "https://github.com/realm/realm-swift";
			requirement = {
				branch = master;
				kind = branch;
			};
		};
		94F4052129CD81AB00322CB0 /* XCRemoteSwiftPackageReference "firebase-ios-sdk" */ = {
			isa = XCRemoteSwiftPackageReference;
			repositoryURL = "https://github.com/firebase/firebase-ios-sdk";
			requirement = {
				kind = upToNextMajorVersion;
				minimumVersion = 9.0.0;
			};
		};
/* End XCRemoteSwiftPackageReference section */

/* Begin XCSwiftPackageProductDependency section */
		94ED291029A751A900111C8F /* Realm */ = {
			isa = XCSwiftPackageProductDependency;
			package = 94ED290F29A751A900111C8F /* XCRemoteSwiftPackageReference "realm-swift" */;
			productName = Realm;
		};
		94ED291229A751A900111C8F /* RealmSwift */ = {
			isa = XCSwiftPackageProductDependency;
			package = 94ED290F29A751A900111C8F /* XCRemoteSwiftPackageReference "realm-swift" */;
			productName = RealmSwift;
		};
		94F4052229CD81AB00322CB0 /* FirebaseAnalytics */ = {
			isa = XCSwiftPackageProductDependency;
			package = 94F4052129CD81AB00322CB0 /* XCRemoteSwiftPackageReference "firebase-ios-sdk" */;
			productName = FirebaseAnalytics;
		};
		94F4052429CD81AB00322CB0 /* FirebaseAnalyticsOnDeviceConversion */ = {
			isa = XCSwiftPackageProductDependency;
			package = 94F4052129CD81AB00322CB0 /* XCRemoteSwiftPackageReference "firebase-ios-sdk" */;
			productName = FirebaseAnalyticsOnDeviceConversion;
		};
		94F4052629CD81AB00322CB0 /* FirebaseAnalyticsSwift */ = {
			isa = XCSwiftPackageProductDependency;
			package = 94F4052129CD81AB00322CB0 /* XCRemoteSwiftPackageReference "firebase-ios-sdk" */;
			productName = FirebaseAnalyticsSwift;
		};
		94F4052829CD81AB00322CB0 /* FirebaseAnalyticsWithoutAdIdSupport */ = {
			isa = XCSwiftPackageProductDependency;
			package = 94F4052129CD81AB00322CB0 /* XCRemoteSwiftPackageReference "firebase-ios-sdk" */;
			productName = FirebaseAnalyticsWithoutAdIdSupport;
		};
		94F4052A29CD81AB00322CB0 /* FirebaseAppCheck */ = {
			isa = XCSwiftPackageProductDependency;
			package = 94F4052129CD81AB00322CB0 /* XCRemoteSwiftPackageReference "firebase-ios-sdk" */;
			productName = FirebaseAppCheck;
		};
		94F4052C29CD81AB00322CB0 /* FirebaseAppDistribution-Beta */ = {
			isa = XCSwiftPackageProductDependency;
			package = 94F4052129CD81AB00322CB0 /* XCRemoteSwiftPackageReference "firebase-ios-sdk" */;
			productName = "FirebaseAppDistribution-Beta";
		};
		94F4052E29CD81AB00322CB0 /* FirebaseAuth */ = {
			isa = XCSwiftPackageProductDependency;
			package = 94F4052129CD81AB00322CB0 /* XCRemoteSwiftPackageReference "firebase-ios-sdk" */;
			productName = FirebaseAuth;
		};
		94F4053029CD81AB00322CB0 /* FirebaseAuthCombine-Community */ = {
			isa = XCSwiftPackageProductDependency;
			package = 94F4052129CD81AB00322CB0 /* XCRemoteSwiftPackageReference "firebase-ios-sdk" */;
			productName = "FirebaseAuthCombine-Community";
		};
		94F4053229CD81AB00322CB0 /* FirebaseCrashlytics */ = {
			isa = XCSwiftPackageProductDependency;
			package = 94F4052129CD81AB00322CB0 /* XCRemoteSwiftPackageReference "firebase-ios-sdk" */;
			productName = FirebaseCrashlytics;
		};
		94F4053429CD81AB00322CB0 /* FirebaseDatabase */ = {
			isa = XCSwiftPackageProductDependency;
			package = 94F4052129CD81AB00322CB0 /* XCRemoteSwiftPackageReference "firebase-ios-sdk" */;
			productName = FirebaseDatabase;
		};
		94F4053629CD81AB00322CB0 /* FirebaseDatabaseSwift */ = {
			isa = XCSwiftPackageProductDependency;
			package = 94F4052129CD81AB00322CB0 /* XCRemoteSwiftPackageReference "firebase-ios-sdk" */;
			productName = FirebaseDatabaseSwift;
		};
		94F4053829CD81AB00322CB0 /* FirebaseDynamicLinks */ = {
			isa = XCSwiftPackageProductDependency;
			package = 94F4052129CD81AB00322CB0 /* XCRemoteSwiftPackageReference "firebase-ios-sdk" */;
			productName = FirebaseDynamicLinks;
		};
		94F4053A29CD81AB00322CB0 /* FirebaseFirestore */ = {
			isa = XCSwiftPackageProductDependency;
			package = 94F4052129CD81AB00322CB0 /* XCRemoteSwiftPackageReference "firebase-ios-sdk" */;
			productName = FirebaseFirestore;
		};
		94F4053C29CD81AB00322CB0 /* FirebaseFirestoreCombine-Community */ = {
			isa = XCSwiftPackageProductDependency;
			package = 94F4052129CD81AB00322CB0 /* XCRemoteSwiftPackageReference "firebase-ios-sdk" */;
			productName = "FirebaseFirestoreCombine-Community";
		};
		94F4053E29CD81AB00322CB0 /* FirebaseFirestoreSwift */ = {
			isa = XCSwiftPackageProductDependency;
			package = 94F4052129CD81AB00322CB0 /* XCRemoteSwiftPackageReference "firebase-ios-sdk" */;
			productName = FirebaseFirestoreSwift;
		};
		94F4054029CD81AB00322CB0 /* FirebaseFunctions */ = {
			isa = XCSwiftPackageProductDependency;
			package = 94F4052129CD81AB00322CB0 /* XCRemoteSwiftPackageReference "firebase-ios-sdk" */;
			productName = FirebaseFunctions;
		};
		94F4054229CD81AB00322CB0 /* FirebaseFunctionsCombine-Community */ = {
			isa = XCSwiftPackageProductDependency;
			package = 94F4052129CD81AB00322CB0 /* XCRemoteSwiftPackageReference "firebase-ios-sdk" */;
			productName = "FirebaseFunctionsCombine-Community";
		};
		94F4054429CD81AB00322CB0 /* FirebaseInAppMessaging-Beta */ = {
			isa = XCSwiftPackageProductDependency;
			package = 94F4052129CD81AB00322CB0 /* XCRemoteSwiftPackageReference "firebase-ios-sdk" */;
			productName = "FirebaseInAppMessaging-Beta";
		};
		94F4054629CD81AB00322CB0 /* FirebaseInAppMessagingSwift-Beta */ = {
			isa = XCSwiftPackageProductDependency;
			package = 94F4052129CD81AB00322CB0 /* XCRemoteSwiftPackageReference "firebase-ios-sdk" */;
			productName = "FirebaseInAppMessagingSwift-Beta";
		};
		94F4054829CD81AB00322CB0 /* FirebaseInstallations */ = {
			isa = XCSwiftPackageProductDependency;
			package = 94F4052129CD81AB00322CB0 /* XCRemoteSwiftPackageReference "firebase-ios-sdk" */;
			productName = FirebaseInstallations;
		};
		94F4054A29CD81AB00322CB0 /* FirebaseMLModelDownloader */ = {
			isa = XCSwiftPackageProductDependency;
			package = 94F4052129CD81AB00322CB0 /* XCRemoteSwiftPackageReference "firebase-ios-sdk" */;
			productName = FirebaseMLModelDownloader;
		};
		94F4054C29CD81AB00322CB0 /* FirebaseMessaging */ = {
			isa = XCSwiftPackageProductDependency;
			package = 94F4052129CD81AB00322CB0 /* XCRemoteSwiftPackageReference "firebase-ios-sdk" */;
			productName = FirebaseMessaging;
		};
		94F4054E29CD81AB00322CB0 /* FirebasePerformance */ = {
			isa = XCSwiftPackageProductDependency;
			package = 94F4052129CD81AB00322CB0 /* XCRemoteSwiftPackageReference "firebase-ios-sdk" */;
			productName = FirebasePerformance;
		};
		94F4055029CD81AB00322CB0 /* FirebaseRemoteConfig */ = {
			isa = XCSwiftPackageProductDependency;
			package = 94F4052129CD81AB00322CB0 /* XCRemoteSwiftPackageReference "firebase-ios-sdk" */;
			productName = FirebaseRemoteConfig;
		};
		94F4055229CD81AB00322CB0 /* FirebaseRemoteConfigSwift */ = {
			isa = XCSwiftPackageProductDependency;
			package = 94F4052129CD81AB00322CB0 /* XCRemoteSwiftPackageReference "firebase-ios-sdk" */;
			productName = FirebaseRemoteConfigSwift;
		};
		94F4055429CD81AB00322CB0 /* FirebaseStorage */ = {
			isa = XCSwiftPackageProductDependency;
			package = 94F4052129CD81AB00322CB0 /* XCRemoteSwiftPackageReference "firebase-ios-sdk" */;
			productName = FirebaseStorage;
		};
		94F4055629CD81AB00322CB0 /* FirebaseStorageCombine-Community */ = {
			isa = XCSwiftPackageProductDependency;
			package = 94F4052129CD81AB00322CB0 /* XCRemoteSwiftPackageReference "firebase-ios-sdk" */;
			productName = "FirebaseStorageCombine-Community";
		};
/* End XCSwiftPackageProductDependency section */
	};
	rootObject = 94ED28ED29A750CF00111C8F /* Project object */;
}
