// !$*UTF8*$!
{
	archiveVersion = 1;
	classes = {
	};
	objectVersion = 56;
	objects = {

/* Begin PBXBuildFile section */
		9470759329A75DB8000508B3 /* TabBarController.swift in Sources */ = {isa = PBXBuildFile; fileRef = 9470759229A75DB8000508B3 /* TabBarController.swift */; };
		9470759529A75F4F000508B3 /* HomeViewController.swift in Sources */ = {isa = PBXBuildFile; fileRef = 9470759429A75F4F000508B3 /* HomeViewController.swift */; };
		9470759729A75F81000508B3 /* SearchViewController.swift in Sources */ = {isa = PBXBuildFile; fileRef = 9470759629A75F81000508B3 /* SearchViewController.swift */; };
		9470759929A75FDA000508B3 /* RecordViewController.swift in Sources */ = {isa = PBXBuildFile; fileRef = 9470759829A75FDA000508B3 /* RecordViewController.swift */; };
		9470759B29A76142000508B3 /* SettingsViewController.swift in Sources */ = {isa = PBXBuildFile; fileRef = 9470759A29A76142000508B3 /* SettingsViewController.swift */; };
		9470759D29A762BB000508B3 /* HistoryViewController.swift in Sources */ = {isa = PBXBuildFile; fileRef = 9470759C29A762BB000508B3 /* HistoryViewController.swift */; };
		94ED28F929A750D000111C8F /* AppDelegate.swift in Sources */ = {isa = PBXBuildFile; fileRef = 94ED28F829A750D000111C8F /* AppDelegate.swift */; };
		94ED28FB29A750D000111C8F /* SceneDelegate.swift in Sources */ = {isa = PBXBuildFile; fileRef = 94ED28FA29A750D000111C8F /* SceneDelegate.swift */; };
		94ED290229A750D000111C8F /* Assets.xcassets in Resources */ = {isa = PBXBuildFile; fileRef = 94ED290129A750D000111C8F /* Assets.xcassets */; };
		94ED290529A750D000111C8F /* LaunchScreen.storyboard in Resources */ = {isa = PBXBuildFile; fileRef = 94ED290329A750D000111C8F /* LaunchScreen.storyboard */; };
		94ED291129A751A900111C8F /* Realm in Frameworks */ = {isa = PBXBuildFile; productRef = 94ED291029A751A900111C8F /* Realm */; };
		94ED291329A751A900111C8F /* RealmSwift in Frameworks */ = {isa = PBXBuildFile; productRef = 94ED291229A751A900111C8F /* RealmSwift */; };
/* End PBXBuildFile section */

/* Begin PBXFileReference section */
		9470759229A75DB8000508B3 /* TabBarController.swift */ = {isa = PBXFileReference; lastKnownFileType = sourcecode.swift; path = TabBarController.swift; sourceTree = "<group>"; };
		9470759429A75F4F000508B3 /* HomeViewController.swift */ = {isa = PBXFileReference; lastKnownFileType = sourcecode.swift; path = HomeViewController.swift; sourceTree = "<group>"; };
		9470759629A75F81000508B3 /* SearchViewController.swift */ = {isa = PBXFileReference; lastKnownFileType = sourcecode.swift; path = SearchViewController.swift; sourceTree = "<group>"; };
		9470759829A75FDA000508B3 /* RecordViewController.swift */ = {isa = PBXFileReference; lastKnownFileType = sourcecode.swift; path = RecordViewController.swift; sourceTree = "<group>"; };
		9470759A29A76142000508B3 /* SettingsViewController.swift */ = {isa = PBXFileReference; lastKnownFileType = sourcecode.swift; path = SettingsViewController.swift; sourceTree = "<group>"; };
		9470759C29A762BB000508B3 /* HistoryViewController.swift */ = {isa = PBXFileReference; lastKnownFileType = sourcecode.swift; path = HistoryViewController.swift; sourceTree = "<group>"; };
		94ED28F529A750D000111C8F /* VoiceRecorder.app */ = {isa = PBXFileReference; explicitFileType = wrapper.application; includeInIndex = 0; path = VoiceRecorder.app; sourceTree = BUILT_PRODUCTS_DIR; };
		94ED28F829A750D000111C8F /* AppDelegate.swift */ = {isa = PBXFileReference; lastKnownFileType = sourcecode.swift; path = AppDelegate.swift; sourceTree = "<group>"; };
		94ED28FA29A750D000111C8F /* SceneDelegate.swift */ = {isa = PBXFileReference; lastKnownFileType = sourcecode.swift; path = SceneDelegate.swift; sourceTree = "<group>"; };
		94ED290129A750D000111C8F /* Assets.xcassets */ = {isa = PBXFileReference; lastKnownFileType = folder.assetcatalog; path = Assets.xcassets; sourceTree = "<group>"; };
		94ED290429A750D000111C8F /* Base */ = {isa = PBXFileReference; lastKnownFileType = file.storyboard; name = Base; path = Base.lproj/LaunchScreen.storyboard; sourceTree = "<group>"; };
		94ED290629A750D000111C8F /* Info.plist */ = {isa = PBXFileReference; lastKnownFileType = text.plist.xml; path = Info.plist; sourceTree = "<group>"; };
/* End PBXFileReference section */

/* Begin PBXFrameworksBuildPhase section */
		94ED28F229A750CF00111C8F /* Frameworks */ = {
			isa = PBXFrameworksBuildPhase;
			buildActionMask = 2147483647;
			files = (
				94ED291329A751A900111C8F /* RealmSwift in Frameworks */,
				94ED291129A751A900111C8F /* Realm in Frameworks */,
			);
			runOnlyForDeploymentPostprocessing = 0;
		};
/* End PBXFrameworksBuildPhase section */

/* Begin PBXGroup section */
		94ED28EC29A750CF00111C8F = {
			isa = PBXGroup;
			children = (
				94ED28F729A750D000111C8F /* VoiceRecorder */,
				94ED28F629A750D000111C8F /* Products */,
			);
			sourceTree = "<group>";
		};
		94ED28F629A750D000111C8F /* Products */ = {
			isa = PBXGroup;
			children = (
				94ED28F529A750D000111C8F /* VoiceRecorder.app */,
			);
			name = Products;
			sourceTree = "<group>";
		};
		94ED28F729A750D000111C8F /* VoiceRecorder */ = {
			isa = PBXGroup;
			children = (
				94ED290E29A7510600111C8F /* View */,
				94ED290D29A750FF00111C8F /* ViewModel */,
				94ED290C29A750E600111C8F /* Model */,
				94ED28F829A750D000111C8F /* AppDelegate.swift */,
				94ED28FA29A750D000111C8F /* SceneDelegate.swift */,
				94ED290329A750D000111C8F /* LaunchScreen.storyboard */,
				94ED290129A750D000111C8F /* Assets.xcassets */,
				94ED290629A750D000111C8F /* Info.plist */,
			);
			path = VoiceRecorder;
			sourceTree = "<group>";
		};
		94ED290C29A750E600111C8F /* Model */ = {
			isa = PBXGroup;
			children = (
			);
			path = Model;
			sourceTree = "<group>";
		};
		94ED290D29A750FF00111C8F /* ViewModel */ = {
			isa = PBXGroup;
			children = (
				9470759229A75DB8000508B3 /* TabBarController.swift */,
				9470759429A75F4F000508B3 /* HomeViewController.swift */,
				9470759629A75F81000508B3 /* SearchViewController.swift */,
				9470759829A75FDA000508B3 /* RecordViewController.swift */,
				9470759C29A762BB000508B3 /* HistoryViewController.swift */,
				9470759A29A76142000508B3 /* SettingsViewController.swift */,
			);
			path = ViewModel;
			sourceTree = "<group>";
		};
		94ED290E29A7510600111C8F /* View */ = {
			isa = PBXGroup;
			children = (
			);
			path = View;
			sourceTree = "<group>";
		};
/* End PBXGroup section */

/* Begin PBXNativeTarget section */
		94ED28F429A750CF00111C8F /* VoiceRecorder */ = {
			isa = PBXNativeTarget;
			buildConfigurationList = 94ED290929A750D000111C8F /* Build configuration list for PBXNativeTarget "VoiceRecorder" */;
			buildPhases = (
				94ED28F129A750CF00111C8F /* Sources */,
				94ED28F229A750CF00111C8F /* Frameworks */,
				94ED28F329A750CF00111C8F /* Resources */,
			);
			buildRules = (
			);
			dependencies = (
			);
			name = VoiceRecorder;
			packageProductDependencies = (
				94ED291029A751A900111C8F /* Realm */,
				94ED291229A751A900111C8F /* RealmSwift */,
			);
			productName = VoiceRecorder;
			productReference = 94ED28F529A750D000111C8F /* VoiceRecorder.app */;
			productType = "com.apple.product-type.application";
		};
/* End PBXNativeTarget section */

/* Begin PBXProject section */
		94ED28ED29A750CF00111C8F /* Project object */ = {
			isa = PBXProject;
			attributes = {
				BuildIndependentTargetsInParallel = 1;
				LastSwiftUpdateCheck = 1420;
				LastUpgradeCheck = 1420;
				TargetAttributes = {
					94ED28F429A750CF00111C8F = {
						CreatedOnToolsVersion = 14.2;
					};
				};
			};
			buildConfigurationList = 94ED28F029A750CF00111C8F /* Build configuration list for PBXProject "VoiceRecorder" */;
			compatibilityVersion = "Xcode 14.0";
			developmentRegion = en;
			hasScannedForEncodings = 0;
			knownRegions = (
				en,
				Base,
			);
			mainGroup = 94ED28EC29A750CF00111C8F;
			packageReferences = (
				94ED290F29A751A900111C8F /* XCRemoteSwiftPackageReference "realm-swift" */,
			);
			productRefGroup = 94ED28F629A750D000111C8F /* Products */;
			projectDirPath = "";
			projectRoot = "";
			targets = (
				94ED28F429A750CF00111C8F /* VoiceRecorder */,
			);
		};
/* End PBXProject section */

/* Begin PBXResourcesBuildPhase section */
		94ED28F329A750CF00111C8F /* Resources */ = {
			isa = PBXResourcesBuildPhase;
			buildActionMask = 2147483647;
			files = (
				94ED290529A750D000111C8F /* LaunchScreen.storyboard in Resources */,
				94ED290229A750D000111C8F /* Assets.xcassets in Resources */,
			);
			runOnlyForDeploymentPostprocessing = 0;
		};
/* End PBXResourcesBuildPhase section */

/* Begin PBXSourcesBuildPhase section */
		94ED28F129A750CF00111C8F /* Sources */ = {
			isa = PBXSourcesBuildPhase;
			buildActionMask = 2147483647;
			files = (
				9470759729A75F81000508B3 /* SearchViewController.swift in Sources */,
				9470759329A75DB8000508B3 /* TabBarController.swift in Sources */,
				9470759B29A76142000508B3 /* SettingsViewController.swift in Sources */,
				94ED28F929A750D000111C8F /* AppDelegate.swift in Sources */,
				9470759929A75FDA000508B3 /* RecordViewController.swift in Sources */,
				94ED28FB29A750D000111C8F /* SceneDelegate.swift in Sources */,
				9470759529A75F4F000508B3 /* HomeViewController.swift in Sources */,
				9470759D29A762BB000508B3 /* HistoryViewController.swift in Sources */,
			);
			runOnlyForDeploymentPostprocessing = 0;
		};
/* End PBXSourcesBuildPhase section */

/* Begin PBXVariantGroup section */
		94ED290329A750D000111C8F /* LaunchScreen.storyboard */ = {
			isa = PBXVariantGroup;
			children = (
				94ED290429A750D000111C8F /* Base */,
			);
			name = LaunchScreen.storyboard;
			sourceTree = "<group>";
		};
/* End PBXVariantGroup section */

/* Begin XCBuildConfiguration section */
		94ED290729A750D000111C8F /* Debug */ = {
			isa = XCBuildConfiguration;
			buildSettings = {
				ALWAYS_SEARCH_USER_PATHS = NO;
				CLANG_ANALYZER_NONNULL = YES;
				CLANG_ANALYZER_NUMBER_OBJECT_CONVERSION = YES_AGGRESSIVE;
				CLANG_CXX_LANGUAGE_STANDARD = "gnu++20";
				CLANG_ENABLE_MODULES = YES;
				CLANG_ENABLE_OBJC_ARC = YES;
				CLANG_ENABLE_OBJC_WEAK = YES;
				CLANG_WARN_BLOCK_CAPTURE_AUTORELEASING = YES;
				CLANG_WARN_BOOL_CONVERSION = YES;
				CLANG_WARN_COMMA = YES;
				CLANG_WARN_CONSTANT_CONVERSION = YES;
				CLANG_WARN_DEPRECATED_OBJC_IMPLEMENTATIONS = YES;
				CLANG_WARN_DIRECT_OBJC_ISA_USAGE = YES_ERROR;
				CLANG_WARN_DOCUMENTATION_COMMENTS = YES;
				CLANG_WARN_EMPTY_BODY = YES;
				CLANG_WARN_ENUM_CONVERSION = YES;
				CLANG_WARN_INFINITE_RECURSION = YES;
				CLANG_WARN_INT_CONVERSION = YES;
				CLANG_WARN_NON_LITERAL_NULL_CONVERSION = YES;
				CLANG_WARN_OBJC_IMPLICIT_RETAIN_SELF = YES;
				CLANG_WARN_OBJC_LITERAL_CONVERSION = YES;
				CLANG_WARN_OBJC_ROOT_CLASS = YES_ERROR;
				CLANG_WARN_QUOTED_INCLUDE_IN_FRAMEWORK_HEADER = YES;
				CLANG_WARN_RANGE_LOOP_ANALYSIS = YES;
				CLANG_WARN_STRICT_PROTOTYPES = YES;
				CLANG_WARN_SUSPICIOUS_MOVE = YES;
				CLANG_WARN_UNGUARDED_AVAILABILITY = YES_AGGRESSIVE;
				CLANG_WARN_UNREACHABLE_CODE = YES;
				CLANG_WARN__DUPLICATE_METHOD_MATCH = YES;
				COPY_PHASE_STRIP = NO;
				DEBUG_INFORMATION_FORMAT = dwarf;
				ENABLE_STRICT_OBJC_MSGSEND = YES;
				ENABLE_TESTABILITY = YES;
				GCC_C_LANGUAGE_STANDARD = gnu11;
				GCC_DYNAMIC_NO_PIC = NO;
				GCC_NO_COMMON_BLOCKS = YES;
				GCC_OPTIMIZATION_LEVEL = 0;
				GCC_PREPROCESSOR_DEFINITIONS = (
					"DEBUG=1",
					"$(inherited)",
				);
				GCC_WARN_64_TO_32_BIT_CONVERSION = YES;
				GCC_WARN_ABOUT_RETURN_TYPE = YES_ERROR;
				GCC_WARN_UNDECLARED_SELECTOR = YES;
				GCC_WARN_UNINITIALIZED_AUTOS = YES_AGGRESSIVE;
				GCC_WARN_UNUSED_FUNCTION = YES;
				GCC_WARN_UNUSED_VARIABLE = YES;
				IPHONEOS_DEPLOYMENT_TARGET = 16.2;
				MTL_ENABLE_DEBUG_INFO = INCLUDE_SOURCE;
				MTL_FAST_MATH = YES;
				ONLY_ACTIVE_ARCH = YES;
				SDKROOT = iphoneos;
				SWIFT_ACTIVE_COMPILATION_CONDITIONS = DEBUG;
				SWIFT_OPTIMIZATION_LEVEL = "-Onone";
			};
			name = Debug;
		};
		94ED290829A750D000111C8F /* Release */ = {
			isa = XCBuildConfiguration;
			buildSettings = {
				ALWAYS_SEARCH_USER_PATHS = NO;
				CLANG_ANALYZER_NONNULL = YES;
				CLANG_ANALYZER_NUMBER_OBJECT_CONVERSION = YES_AGGRESSIVE;
				CLANG_CXX_LANGUAGE_STANDARD = "gnu++20";
				CLANG_ENABLE_MODULES = YES;
				CLANG_ENABLE_OBJC_ARC = YES;
				CLANG_ENABLE_OBJC_WEAK = YES;
				CLANG_WARN_BLOCK_CAPTURE_AUTORELEASING = YES;
				CLANG_WARN_BOOL_CONVERSION = YES;
				CLANG_WARN_COMMA = YES;
				CLANG_WARN_CONSTANT_CONVERSION = YES;
				CLANG_WARN_DEPRECATED_OBJC_IMPLEMENTATIONS = YES;
				CLANG_WARN_DIRECT_OBJC_ISA_USAGE = YES_ERROR;
				CLANG_WARN_DOCUMENTATION_COMMENTS = YES;
				CLANG_WARN_EMPTY_BODY = YES;
				CLANG_WARN_ENUM_CONVERSION = YES;
				CLANG_WARN_INFINITE_RECURSION = YES;
				CLANG_WARN_INT_CONVERSION = YES;
				CLANG_WARN_NON_LITERAL_NULL_CONVERSION = YES;
				CLANG_WARN_OBJC_IMPLICIT_RETAIN_SELF = YES;
				CLANG_WARN_OBJC_LITERAL_CONVERSION = YES;
				CLANG_WARN_OBJC_ROOT_CLASS = YES_ERROR;
				CLANG_WARN_QUOTED_INCLUDE_IN_FRAMEWORK_HEADER = YES;
				CLANG_WARN_RANGE_LOOP_ANALYSIS = YES;
				CLANG_WARN_STRICT_PROTOTYPES = YES;
				CLANG_WARN_SUSPICIOUS_MOVE = YES;
				CLANG_WARN_UNGUARDED_AVAILABILITY = YES_AGGRESSIVE;
				CLANG_WARN_UNREACHABLE_CODE = YES;
				CLANG_WARN__DUPLICATE_METHOD_MATCH = YES;
				COPY_PHASE_STRIP = NO;
				DEBUG_INFORMATION_FORMAT = "dwarf-with-dsym";
				ENABLE_NS_ASSERTIONS = NO;
				ENABLE_STRICT_OBJC_MSGSEND = YES;
				GCC_C_LANGUAGE_STANDARD = gnu11;
				GCC_NO_COMMON_BLOCKS = YES;
				GCC_WARN_64_TO_32_BIT_CONVERSION = YES;
				GCC_WARN_ABOUT_RETURN_TYPE = YES_ERROR;
				GCC_WARN_UNDECLARED_SELECTOR = YES;
				GCC_WARN_UNINITIALIZED_AUTOS = YES_AGGRESSIVE;
				GCC_WARN_UNUSED_FUNCTION = YES;
				GCC_WARN_UNUSED_VARIABLE = YES;
				IPHONEOS_DEPLOYMENT_TARGET = 16.2;
				MTL_ENABLE_DEBUG_INFO = NO;
				MTL_FAST_MATH = YES;
				SDKROOT = iphoneos;
				SWIFT_COMPILATION_MODE = wholemodule;
				SWIFT_OPTIMIZATION_LEVEL = "-O";
				VALIDATE_PRODUCT = YES;
			};
			name = Release;
		};
		94ED290A29A750D000111C8F /* Debug */ = {
			isa = XCBuildConfiguration;
			buildSettings = {
				ASSETCATALOG_COMPILER_APPICON_NAME = AppIcon;
				ASSETCATALOG_COMPILER_GLOBAL_ACCENT_COLOR_NAME = AccentColor;
				CODE_SIGN_STYLE = Automatic;
				CURRENT_PROJECT_VERSION = 1;
				DEVELOPMENT_TEAM = Y27S32PB7A;
				GENERATE_INFOPLIST_FILE = YES;
				INFOPLIST_FILE = VoiceRecorder/Info.plist;
				INFOPLIST_KEY_UIApplicationSupportsIndirectInputEvents = YES;
				INFOPLIST_KEY_UILaunchStoryboardName = LaunchScreen;
				INFOPLIST_KEY_UISupportedInterfaceOrientations = UIInterfaceOrientationPortrait;
				INFOPLIST_KEY_UISupportedInterfaceOrientations_iPad = "UIInterfaceOrientationLandscapeLeft UIInterfaceOrientationLandscapeRight UIInterfaceOrientationPortrait UIInterfaceOrientationPortraitUpsideDown";
				LD_RUNPATH_SEARCH_PATHS = (
					"$(inherited)",
					"@executable_path/Frameworks",
				);
				MARKETING_VERSION = 1.0;
				PRODUCT_BUNDLE_IDENTIFIER = VadimPopov.VoiceRecorder;
				PRODUCT_NAME = "$(TARGET_NAME)";
				SWIFT_EMIT_LOC_STRINGS = YES;
				SWIFT_VERSION = 5.0;
				TARGETED_DEVICE_FAMILY = "1,2";
			};
			name = Debug;
		};
		94ED290B29A750D000111C8F /* Release */ = {
			isa = XCBuildConfiguration;
			buildSettings = {
				ASSETCATALOG_COMPILER_APPICON_NAME = AppIcon;
				ASSETCATALOG_COMPILER_GLOBAL_ACCENT_COLOR_NAME = AccentColor;
				CODE_SIGN_STYLE = Automatic;
				CURRENT_PROJECT_VERSION = 1;
				DEVELOPMENT_TEAM = Y27S32PB7A;
				GENERATE_INFOPLIST_FILE = YES;
				INFOPLIST_FILE = VoiceRecorder/Info.plist;
				INFOPLIST_KEY_UIApplicationSupportsIndirectInputEvents = YES;
				INFOPLIST_KEY_UILaunchStoryboardName = LaunchScreen;
				INFOPLIST_KEY_UISupportedInterfaceOrientations = UIInterfaceOrientationPortrait;
				INFOPLIST_KEY_UISupportedInterfaceOrientations_iPad = "UIInterfaceOrientationLandscapeLeft UIInterfaceOrientationLandscapeRight UIInterfaceOrientationPortrait UIInterfaceOrientationPortraitUpsideDown";
				LD_RUNPATH_SEARCH_PATHS = (
					"$(inherited)",
					"@executable_path/Frameworks",
				);
				MARKETING_VERSION = 1.0;
				PRODUCT_BUNDLE_IDENTIFIER = VadimPopov.VoiceRecorder;
				PRODUCT_NAME = "$(TARGET_NAME)";
				SWIFT_EMIT_LOC_STRINGS = YES;
				SWIFT_VERSION = 5.0;
				TARGETED_DEVICE_FAMILY = "1,2";
			};
			name = Release;
		};
/* End XCBuildConfiguration section */

/* Begin XCConfigurationList section */
		94ED28F029A750CF00111C8F /* Build configuration list for PBXProject "VoiceRecorder" */ = {
			isa = XCConfigurationList;
			buildConfigurations = (
				94ED290729A750D000111C8F /* Debug */,
				94ED290829A750D000111C8F /* Release */,
			);
			defaultConfigurationIsVisible = 0;
			defaultConfigurationName = Release;
		};
		94ED290929A750D000111C8F /* Build configuration list for PBXNativeTarget "VoiceRecorder" */ = {
			isa = XCConfigurationList;
			buildConfigurations = (
				94ED290A29A750D000111C8F /* Debug */,
				94ED290B29A750D000111C8F /* Release */,
			);
			defaultConfigurationIsVisible = 0;
			defaultConfigurationName = Release;
		};
/* End XCConfigurationList section */

/* Begin XCRemoteSwiftPackageReference section */
		94ED290F29A751A900111C8F /* XCRemoteSwiftPackageReference "realm-swift" */ = {
			isa = XCRemoteSwiftPackageReference;
			repositoryURL = "https://github.com/realm/realm-swift";
			requirement = {
				branch = master;
				kind = branch;
			};
		};
/* End XCRemoteSwiftPackageReference section */

/* Begin XCSwiftPackageProductDependency section */
		94ED291029A751A900111C8F /* Realm */ = {
			isa = XCSwiftPackageProductDependency;
			package = 94ED290F29A751A900111C8F /* XCRemoteSwiftPackageReference "realm-swift" */;
			productName = Realm;
		};
		94ED291229A751A900111C8F /* RealmSwift */ = {
			isa = XCSwiftPackageProductDependency;
			package = 94ED290F29A751A900111C8F /* XCRemoteSwiftPackageReference "realm-swift" */;
			productName = RealmSwift;
		};
/* End XCSwiftPackageProductDependency section */
	};
	rootObject = 94ED28ED29A750CF00111C8F /* Project object */;
}
